PODS:
  - Capacitor (6.1.1):
    - CapacitorCordova
  - CapacitorActionSheet (6.0.1):
    - Capacitor
  - CapacitorApp (6.0.0):
    - Capacitor
  - CapacitorClipboard (6.0.0):
    - Capacitor
  - CapacitorCordova (6.1.1)
  - CapacitorKeyboard (6.0.1):
    - Capacitor
  - CapacitorPreferences (6.0.1):
    - Capacitor
  - CapacitorShare (6.0.1):
    - Capacitor
  - CapacitorSplashScreen (6.0.1):
    - Capacitor
  - CapacitorStatusBar (6.0.0):
    - Capacitor
  - CapawesomeTeamCapacitorFileOpener (6.1.0):
    - Capacitor
  - CapawesomeTeamCapacitorNfc (6.2.0):
    - Capacitor
  - CordovaPlugins (7.0.1):
    - CapacitorCordova

DEPENDENCIES:
  - "Capacitor (from `../../node_modules/@capacitor/ios`)"
  - "CapacitorActionSheet (from `../../node_modules/@capacitor/action-sheet`)"
  - "CapacitorApp (from `../../node_modules/@capacitor/app`)"
  - "CapacitorClipboard (from `../../node_modules/@capacitor/clipboard`)"
  - "CapacitorCordova (from `../../node_modules/@capacitor/ios`)"
  - "CapacitorKeyboard (from `../../node_modules/@capacitor/keyboard`)"
  - "CapacitorPreferences (from `../../node_modules/@capacitor/preferences`)"
  - "CapacitorShare (from `../../node_modules/@capacitor/share`)"
  - "CapacitorSplashScreen (from `../../node_modules/@capacitor/splash-screen`)"
  - "CapacitorStatusBar (from `../../node_modules/@capacitor/status-bar`)"
  - "CapawesomeTeamCapacitorFileOpener (from `../../node_modules/@capawesome-team/capacitor-file-opener`)"
  - "CapawesomeTeamCapacitorNfc (from `../../node_modules/@capawesome-team/capacitor-nfc`)"
  - CordovaPlugins (from `../capacitor-cordova-ios-plugins`)

EXTERNAL SOURCES:
  Capacitor:
    :path: "../../node_modules/@capacitor/ios"
  CapacitorActionSheet:
    :path: "../../node_modules/@capacitor/action-sheet"
  CapacitorApp:
    :path: "../../node_modules/@capacitor/app"
  CapacitorClipboard:
    :path: "../../node_modules/@capacitor/clipboard"
  CapacitorCordova:
    :path: "../../node_modules/@capacitor/ios"
  CapacitorKeyboard:
    :path: "../../node_modules/@capacitor/keyboard"
  CapacitorPreferences:
    :path: "../../node_modules/@capacitor/preferences"
  CapacitorShare:
    :path: "../../node_modules/@capacitor/share"
  CapacitorSplashScreen:
    :path: "../../node_modules/@capacitor/splash-screen"
  CapacitorStatusBar:
    :path: "../../node_modules/@capacitor/status-bar"
  CapawesomeTeamCapacitorFileOpener:
    :path: "../../node_modules/@capawesome-team/capacitor-file-opener"
  CapawesomeTeamCapacitorNfc:
    :path: "../../node_modules/@capawesome-team/capacitor-nfc"
  CordovaPlugins:
    :path: "../capacitor-cordova-ios-plugins"

SPEC CHECKSUMS:
  Capacitor: 7b38922425a542e0b5936c8f72ea89d876dd4df1
  CapacitorActionSheet: 75079ad8ca24d8a4a7ccd5bdbff661003b74619d
  CapacitorApp: 30145f2ea2311e4f3744472119ec87d2ddf4c0a7
  CapacitorClipboard: c1cb27fea166aab5c99bda605d3bc768cf00eabe
  CapacitorCordova: 8f2cc8d8d3619c566e9418fe8772064a94266106
  CapacitorKeyboard: f38d730356be5569d72eb87ad9c8166947728c36
  CapacitorPreferences: 97d529423bb7c1196455e9a1b6dd1074625c78bd
  CapacitorShare: ec1bcbc16696696133740ac876192c0480ca3018
  CapacitorSplashScreen: d2d8fe9541d7bebdf735839b89edf6e762cea969
  CapacitorStatusBar: 129c68650d3f950e080e8e7e03d69c3b361dbe52
  CapawesomeTeamCapacitorFileOpener: e72b2b08befc2d3103266596a109900e882cf40a
  CapawesomeTeamCapacitorNfc: aae9e9c67e3c67df5340619ed56cd88497b507e8
  CordovaPlugins: 943c587bc074c1f98000ba11dad21429b0ccb475

PODFILE CHECKSUM: 9c87d66ece9290cbbd7295121eb5a40a2942d079

COCOAPODS: 1.16.2
